// !$*UTF8*$!
{
	archiveVersion = 1;
	classes = {
	};
	objectVersion = 46;
	objects = {

/* Begin PBXBuildFile section */
		5CC6F1AC1CD9F7410080C7A2 /* main.cpp in Sources */ = {isa = PBXBuildFile; fileRef = 5CC6F1AB1CD9F7410080C7A2 /* main.cpp */; };
/* End PBXBuildFile section */

/* Begin PBXCopyFilesBuildPhase section */
		5CC6F1A61CD9F7410080C7A2 /* CopyFiles */ = {
			isa = PBXCopyFilesBuildPhase;
			buildActionMask = 2147483647;
			dstPath = /usr/share/man/man1/;
			dstSubfolderSpec = 0;
			files = (
			);
			runOnlyForDeploymentPostprocessing = 1;
		};
/* End PBXCopyFilesBuildPhase section */

/* Begin PBXFileReference section */
		5CC6F1A81CD9F7410080C7A2 /* Ermolovich.FileLab1 */ = {isa = PBXFileReference; explicitFileType = "compiled.mach-o.executable"; includeInIndex = 0; path = Ermolovich.FileLab1; sourceTree = BUILT_PRODUCTS_DIR; };
		5CC6F1AB1CD9F7410080C7A2 /* main.cpp */ = {isa = PBXFileReference; lastKnownFileType = sourcecode.cpp.cpp; path = main.cpp; sourceTree = "<group>"; };
/* End PBXFileReference section */

/* Begin PBXFrameworksBuildPhase section */
		5CC6F1A51CD9F7410080C7A2 /* Frameworks */ = {
			isa = PBXFrameworksBuildPhase;
			buildActionMask = 2147483647;
			files = (
			);
			runOnlyForDeploymentPostprocessing = 0;
		};
/* End PBXFrameworksBuildPhase section */

/* Begin PBXGroup section */
		5CC6F19F1CD9F7410080C7A2 = {
			isa = PBXGroup;
			children = (
				5CC6F1AA1CD9F7410080C7A2 /* Ermolovich.FileLab1 */,
				5CC6F1A91CD9F7410080C7A2 /* Products */,
			);
			sourceTree = "<group>";
		};
		5CC6F1A91CD9F7410080C7A2 /* Products */ = {
			isa = PBXGroup;
			children = (
				5CC6F1A81CD9F7410080C7A2 /* Ermolovich.FileLab1 */,
			);
			name = Products;
			sourceTree = "<group>";
		};
		5CC6F1AA1CD9F7410080C7A2 /* Ermolovich.FileLab1 */ = {
			isa = PBXGroup;
			children = (
				5CC6F1AB1CD9F7410080C7A2 /* main.cpp */,
			);
			path = Ermolovich.FileLab1;
			sourceTree = "<group>";
		};
/* End PBXGroup section */

/* Begin PBXNativeTarget section */
		5CC6F1A71CD9F7410080C7A2 /* Ermolovich.FileLab1 */ = {
			isa = PBXNativeTarget;
			buildConfigurationList = 5CC6F1AF1CD9F7410080C7A2 /* Build configuration list for PBXNativeTarget "Ermolovich.FileLab1" */;
			buildPhases = (
				5CC6F1A41CD9F7410080C7A2 /* Sources */,
				5CC6F1A51CD9F7410080C7A2 /* Frameworks */,
				5CC6F1A61CD9F7410080C7A2 /* CopyFiles */,
			);
			buildRules = (
			);
			dependencies = (
			);
			name = Ermolovich.FileLab1;
			productName = Ermolovich.FileLab1;
			productReference = 5CC6F1A81CD9F7410080C7A2 /* Ermolovich.FileLab1 */;
			productType = "com.apple.product-type.tool";
		};
/* End PBXNativeTarget section */

/* Begin PBXProject section */
		5CC6F1A01CD9F7410080C7A2 /* Project object */ = {
			isa = PBXProject;
			attributes = {
				LastUpgradeCheck = 0720;
				ORGANIZATIONNAME = Evgeny;
				TargetAttributes = {
					5CC6F1A71CD9F7410080C7A2 = {
						CreatedOnToolsVersion = 7.2.1;
					};
				};
			};
			buildConfigurationList = 5CC6F1A31CD9F7410080C7A2 /* Build configuration list for PBXProject "Ermolovich.FileLab1" */;
			compatibilityVersion = "Xcode 3.2";
			developmentRegion = English;
			hasScannedForEncodings = 0;
			knownRegions = (
				en,
			);
			mainGroup = 5CC6F19F1CD9F7410080C7A2;
			productRefGroup = 5CC6F1A91CD9F7410080C7A2 /* Products */;
			projectDirPath = "";
			projectRoot = "";
			targets = (
				5CC6F1A71CD9F7410080C7A2 /* Ermolovich.FileLab1 */,
			);
		};
/* End PBXProject section */

/* Begin PBXSourcesBuildPhase section */
		5CC6F1A41CD9F7410080C7A2 /* Sources */ = {
			isa = PBXSourcesBuildPhase;
			buildActionMask = 2147483647;
			files = (
				5CC6F1AC1CD9F7410080C7A2 /* main.cpp in Sources */,
			);
			runOnlyForDeploymentPostprocessing = 0;
		};
/* End PBXSourcesBuildPhase section */

/* Begin XCBuildConfiguration section */
		5CC6F1AD1CD9F7410080C7A2 /* Debug */ = {
			isa = XCBuildConfiguration;
			buildSettings = {
				ALWAYS_SEARCH_USER_PATHS = NO;
				CLANG_CXX_LANGUAGE_STANDARD = "gnu++0x";
				CLANG_CXX_LIBRARY = "libc++";
				CLANG_ENABLE_MODULES = YES;
				CLANG_ENABLE_OBJC_ARC = YES;
				CLANG_WARN_BOOL_CONVERSION = YES;
				CLANG_WARN_CONSTANT_CONVERSION = YES;
				CLANG_WARN_DIRECT_OBJC_ISA_USAGE = YES_ERROR;
				CLANG_WARN_EMPTY_BODY = YES;
				CLANG_WARN_ENUM_CONVERSION = YES;
				CLANG_WARN_INT_CONVERSION = YES;
				CLANG_WARN_OBJC_ROOT_CLASS = YES_ERROR;
				CLANG_WARN_UNREACHABLE_CODE = YES;
				CLANG_WARN__DUPLICATE_METHOD_MATCH = YES;
				CODE_SIGN_IDENTITY = "-";
				COPY_PHASE_STRIP = NO;
				DEBUG_INFORMATION_FORMAT = dwarf;
				ENABLE_STRICT_OBJC_MSGSEND = YES;
				ENABLE_TESTABILITY = YES;
				GCC_C_LANGUAGE_STANDARD = gnu99;
				GCC_DYNAMIC_NO_PIC = NO;
				GCC_NO_COMMON_BLOCKS = YES;
				GCC_OPTIMIZATION_LEVEL = 0;
				GCC_PREPROCESSOR_DEFINITIONS = (
					"DEBUG=1",
					"$(inherited)",
				);
				GCC_WARN_64_TO_32_BIT_CONVERSION = YES;
				GCC_WARN_ABOUT_RETURN_TYPE = YES_ERROR;
				GCC_WARN_UNDECLARED_SELECTOR = YES;
				GCC_WARN_UNINITIALIZED_AUTOS = YES_AGGRESSIVE;
				GCC_WARN_UNUSED_FUNCTION = YES;
				GCC_WARN_UNUSED_VARIABLE = YES;
				MACOSX_DEPLOYMENT_TARGET = 10.10;
				MTL_ENABLE_DEBUG_INFO = YES;
				ONLY_ACTIVE_ARCH = YES;
				SDKROOT = macosx;
			};
			name = Debug;
		};
		5CC6F1AE1CD9F7410080C7A2 /* Release */ = {
			isa = XCBuildConfiguration;
			buildSettings = {
				ALWAYS_SEARCH_USER_PATHS = NO;
				CLANG_CXX_LANGUAGE_STANDARD = "gnu++0x";
				CLANG_CXX_LIBRARY = "libc++";
				CLANG_ENABLE_MODULES = YES;
				CLANG_ENABLE_OBJC_ARC = YES;
				CLANG_WARN_BOOL_CONVERSION = YES;
				CLANG_WARN_CONSTANT_CONVERSION = YES;
				CLANG_WARN_DIRECT_OBJC_ISA_USAGE = YES_ERROR;
				CLANG_WARN_EMPTY_BODY = YES;
				CLANG_WARN_ENUM_CONVERSION = YES;
				CLANG_WARN_INT_CONVERSION = YES;
				CLANG_WARN_OBJC_ROOT_CLASS = YES_ERROR;
				CLANG_WARN_UNREACHABLE_CODE = YES;
				CLANG_WARN__DUPLICATE_METHOD_MATCH = YES;
				CODE_SIGN_IDENTITY = "-";
				COPY_PHASE_STRIP = NO;
				DEBUG_INFORMATION_FORMAT = "dwarf-with-dsym";
				ENABLE_NS_ASSERTIONS = NO;
				ENABLE_STRICT_OBJC_MSGSEND = YES;
				GCC_C_LANGUAGE_STANDARD = gnu99;
				GCC_NO_COMMON_BLOCKS = YES;
				GCC_WARN_64_TO_32_BIT_CONVERSION = YES;
				GCC_WARN_ABOUT_RETURN_TYPE = YES_ERROR;
				GCC_WARN_UNDECLARED_SELECTOR = YES;
				GCC_WARN_UNINITIALIZED_AUTOS = YES_AGGRESSIVE;
				GCC_WARN_UNUSED_FUNCTION = YES;
				GCC_WARN_UNUSED_VARIABLE = YES;
				MACOSX_DEPLOYMENT_TARGET = 10.10;
				MTL_ENABLE_DEBUG_INFO = NO;
				SDKROOT = macosx;
			};
			name = Release;
		};
		5CC6F1B01CD9F7410080C7A2 /* Debug */ = {
			isa = XCBuildConfiguration;
			buildSettings = {
				PRODUCT_NAME = "$(TARGET_NAME)";
			};
			name = Debug;
		};
		5CC6F1B11CD9F7410080C7A2 /* Release */ = {
			isa = XCBuildConfiguration;
			buildSettings = {
				PRODUCT_NAME = "$(TARGET_NAME)";
			};
			name = Release;
		};
/* End XCBuildConfiguration section */

/* Begin XCConfigurationList section */
		5CC6F1A31CD9F7410080C7A2 /* Build configuration list for PBXProject "Ermolovich.FileLab1" */ = {
			isa = XCConfigurationList;
			buildConfigurations = (
				5CC6F1AD1CD9F7410080C7A2 /* Debug */,
				5CC6F1AE1CD9F7410080C7A2 /* Release */,
			);
			defaultConfigurationIsVisible = 0;
			defaultConfigurationName = Release;
		};
		5CC6F1AF1CD9F7410080C7A2 /* Build configuration list for PBXNativeTarget "Ermolovich.FileLab1" */ = {
			isa = XCConfigurationList;
			buildConfigurations = (
				5CC6F1B01CD9F7410080C7A2 /* Debug */,
				5CC6F1B11CD9F7410080C7A2 /* Release */,
			);
			defaultConfigurationIsVisible = 0;
		};
/* End XCConfigurationList section */
	};
	rootObject = 5CC6F1A01CD9F7410080C7A2 /* Project object */;
}
